
Microsoft Visual Studio Solution File, Format Version 12.00
# Visual Studio 15
Project("{FAE04EC0-301F-11D3-BF4B-00C04F79EFBC}") = "Assembly-CSharp", "Assembly-CSharp.csproj", "{3022D423-8990-45A1-0049-D30DA1D5623D}"
EndProject
Project("{FAE04EC0-301F-11D3-BF4B-00C04F79EFBC}") = "Assembly-CSharp-Editor", "Assembly-CSharp-Editor.csproj", "{8E9C0F9C-A07E-5986-C5BA-EA2CEB36FA0D}"
EndProject
Global
	GlobalSection(SolutionConfigurationPlatforms) = preSolution
		Debug|Any CPU = Debug|Any CPU
		Release|Any CPU = Release|Any CPU
	EndGlobalSection
	GlobalSection(ProjectConfigurationPlatforms) = postSolution
		{3022D423-8990-45A1-0049-D30DA1D5623D}.Debug|Any CPU.ActiveCfg = Debug|Any CPU
		{3022D423-8990-45A1-0049-D30DA1D5623D}.Debug|Any CPU.Build.0 = Debug|Any CPU
		{3022D423-8990-45A1-0049-D30DA1D5623D}.Release|Any CPU.ActiveCfg = Release|Any CPU
		{3022D423-8990-45A1-0049-D30DA1D5623D}.Release|Any CPU.Build.0 = Release|Any CPU
		{8E9C0F9C-A07E-5986-C5BA-EA2CEB36FA0D}.Debug|Any CPU.ActiveCfg = Debug|Any CPU
		{8E9C0F9C-A07E-5986-C5BA-EA2CEB36FA0D}.Debug|Any CPU.Build.0 = Debug|Any CPU
		{8E9C0F9C-A07E-5986-C5BA-EA2CEB36FA0D}.Release|Any CPU.ActiveCfg = Release|Any CPU
		{8E9C0F9C-A07E-5986-C5BA-EA2CEB36FA0D}.Release|Any CPU.Build.0 = Release|Any CPU
	EndGlobalSection
	GlobalSection(SolutionProperties) = preSolution
		HideSolutionNode = FALSE
	EndGlobalSection
EndGlobal
